
Microsoft Visual Studio Solution File, Format Version 12.00
# Visual Studio Version 16
VisualStudioVersion = 16.0.31624.102
MinimumVisualStudioVersion = 10.0.40219.1
Project("{FAE04EC0-301F-11D3-BF4B-00C04F79EFBC}") = "WPF", "WPF.csproj", "{55F99FA3-8938-4B8C-8E56-E83FC8F39F1B}"
EndProject
Project("{FAE04EC0-301F-11D3-BF4B-00C04F79EFBC}") = "Assembly", "..\Assembly\Assembly.csproj", "{55F8E5B3-A352-4715-B597-5AC3945B217F}"
EndProject
Global
	GlobalSection(SolutionConfigurationPlatforms) = preSolution
		Debug|Any CPU = Debug|Any CPU
		Release|Any CPU = Release|Any CPU
	EndGlobalSection
	GlobalSection(ProjectConfigurationPlatforms) = postSolution
		{55F99FA3-8938-4B8C-8E56-E83FC8F39F1B}.Debug|Any CPU.ActiveCfg = Debug|Any CPU
		{55F99FA3-8938-4B8C-8E56-E83FC8F39F1B}.Debug|Any CPU.Build.0 = Debug|Any CPU
		{55F99FA3-8938-4B8C-8E56-E83FC8F39F1B}.Release|Any CPU.ActiveCfg = Release|Any CPU
		{55F99FA3-8938-4B8C-8E56-E83FC8F39F1B}.Release|Any CPU.Build.0 = Release|Any CPU
		{55F8E5B3-A352-4715-B597-5AC3945B217F}.Debug|Any CPU.ActiveCfg = Debug|Any CPU
		{55F8E5B3-A352-4715-B597-5AC3945B217F}.Debug|Any CPU.Build.0 = Debug|Any CPU
		{55F8E5B3-A352-4715-B597-5AC3945B217F}.Release|Any CPU.ActiveCfg = Release|Any CPU
		{55F8E5B3-A352-4715-B597-5AC3945B217F}.Release|Any CPU.Build.0 = Release|Any CPU
	EndGlobalSection
	GlobalSection(SolutionProperties) = preSolution
		HideSolutionNode = FALSE
	EndGlobalSection
	GlobalSection(ExtensibilityGlobals) = postSolution
		SolutionGuid = {B32105BD-4C63-425A-9406-D04604919324}
	EndGlobalSection
EndGlobal
